
Microsoft Visual Studio Solution File, Format Version 12.00
# Visual Studio Version 16
VisualStudioVersion = 16.0.31105.61
MinimumVisualStudioVersion = 10.0.40219.1
Project("{FAE04EC0-301F-11D3-BF4B-00C04F79EFBC}") = "ToolLibrary", "ToolLibrary\ToolLibrary.csproj", "{20E2FDAC-5EEB-45A2-ABBB-A342DB65F8CA}"
EndProject
Global
	GlobalSection(SolutionConfigurationPlatforms) = preSolution
		Debug|Any CPU = Debug|Any CPU
		Release|Any CPU = Release|Any CPU
	EndGlobalSection
	GlobalSection(ProjectConfigurationPlatforms) = postSolution
		{20E2FDAC-5EEB-45A2-ABBB-A342DB65F8CA}.Debug|Any CPU.ActiveCfg = Debug|Any CPU
		{20E2FDAC-5EEB-45A2-ABBB-A342DB65F8CA}.Debug|Any CPU.Build.0 = Debug|Any CPU
		{20E2FDAC-5EEB-45A2-ABBB-A342DB65F8CA}.Release|Any CPU.ActiveCfg = Release|Any CPU
		{20E2FDAC-5EEB-45A2-ABBB-A342DB65F8CA}.Release|Any CPU.Build.0 = Release|Any CPU
	EndGlobalSection
	GlobalSection(SolutionProperties) = preSolution
		HideSolutionNode = FALSE
	EndGlobalSection
	GlobalSection(ExtensibilityGlobals) = postSolution
		SolutionGuid = {242232E6-AFDE-42C5-8D5C-463701FF24F2}
	EndGlobalSection
EndGlobal
